// !$*UTF8*$!
{
	archiveVersion = 1;
	classes = {
	};
	objectVersion = 50;
	objects = {

/* Begin PBXBuildFile section */
		23A60FE326FC57FC00CD85F4 /* RSAHelper.swift in Sources */ = {isa = PBXBuildFile; fileRef = 23A60FE226FC57FC00CD85F4 /* RSAHelper.swift */; };
		23A60FE626FC5C2200CD85F4 /* RSAPrivateKey.swift in Sources */ = {isa = PBXBuildFile; fileRef = 23A60FE526FC5C2200CD85F4 /* RSAPrivateKey.swift */; };
		23A60FE826FC5C2C00CD85F4 /* RSAPublicKey.swift in Sources */ = {isa = PBXBuildFile; fileRef = 23A60FE726FC5C2C00CD85F4 /* RSAPublicKey.swift */; };
		23A60FEA26FC5DD200CD85F4 /* Helper+Exts.swift in Sources */ = {isa = PBXBuildFile; fileRef = 23A60FE926FC5DD200CD85F4 /* Helper+Exts.swift */; };
		23C50A2D26DC91D80031F74C /* AppDelegate.swift in Sources */ = {isa = PBXBuildFile; fileRef = 23C50A2C26DC91D80031F74C /* AppDelegate.swift */; };
		23C50A2F26DC91D80031F74C /* SceneDelegate.swift in Sources */ = {isa = PBXBuildFile; fileRef = 23C50A2E26DC91D80031F74C /* SceneDelegate.swift */; };
		23C50A3126DC91D80031F74C /* ViewController.swift in Sources */ = {isa = PBXBuildFile; fileRef = 23C50A3026DC91D80031F74C /* ViewController.swift */; };
		23C50A3426DC91D80031F74C /* Main.storyboard in Resources */ = {isa = PBXBuildFile; fileRef = 23C50A3226DC91D80031F74C /* Main.storyboard */; };
		23C50A3626DC91DA0031F74C /* Assets.xcassets in Resources */ = {isa = PBXBuildFile; fileRef = 23C50A3526DC91DA0031F74C /* Assets.xcassets */; };
		23C50A3926DC91DA0031F74C /* LaunchScreen.storyboard in Resources */ = {isa = PBXBuildFile; fileRef = 23C50A3726DC91DA0031F74C /* LaunchScreen.storyboard */; };
/* End PBXBuildFile section */

/* Begin PBXFileReference section */
		23A60FE226FC57FC00CD85F4 /* RSAHelper.swift */ = {isa = PBXFileReference; lastKnownFileType = sourcecode.swift; path = RSAHelper.swift; sourceTree = "<group>"; };
		23A60FE526FC5C2200CD85F4 /* RSAPrivateKey.swift */ = {isa = PBXFileReference; lastKnownFileType = sourcecode.swift; path = RSAPrivateKey.swift; sourceTree = "<group>"; };
		23A60FE726FC5C2C00CD85F4 /* RSAPublicKey.swift */ = {isa = PBXFileReference; lastKnownFileType = sourcecode.swift; path = RSAPublicKey.swift; sourceTree = "<group>"; };
		23A60FE926FC5DD200CD85F4 /* Helper+Exts.swift */ = {isa = PBXFileReference; lastKnownFileType = sourcecode.swift; path = "Helper+Exts.swift"; sourceTree = "<group>"; };
		23C50A2926DC91D80031F74C /* RSATest.app */ = {isa = PBXFileReference; explicitFileType = wrapper.application; includeInIndex = 0; path = RSATest.app; sourceTree = BUILT_PRODUCTS_DIR; };
		23C50A2C26DC91D80031F74C /* AppDelegate.swift */ = {isa = PBXFileReference; lastKnownFileType = sourcecode.swift; path = AppDelegate.swift; sourceTree = "<group>"; };
		23C50A2E26DC91D80031F74C /* SceneDelegate.swift */ = {isa = PBXFileReference; lastKnownFileType = sourcecode.swift; path = SceneDelegate.swift; sourceTree = "<group>"; };
		23C50A3026DC91D80031F74C /* ViewController.swift */ = {isa = PBXFileReference; lastKnownFileType = sourcecode.swift; path = ViewController.swift; sourceTree = "<group>"; };
		23C50A3326DC91D80031F74C /* Base */ = {isa = PBXFileReference; lastKnownFileType = file.storyboard; name = Base; path = Base.lproj/Main.storyboard; sourceTree = "<group>"; };
		23C50A3526DC91DA0031F74C /* Assets.xcassets */ = {isa = PBXFileReference; lastKnownFileType = folder.assetcatalog; path = Assets.xcassets; sourceTree = "<group>"; };
		23C50A3826DC91DA0031F74C /* Base */ = {isa = PBXFileReference; lastKnownFileType = file.storyboard; name = Base; path = Base.lproj/LaunchScreen.storyboard; sourceTree = "<group>"; };
		23C50A3A26DC91DA0031F74C /* Info.plist */ = {isa = PBXFileReference; lastKnownFileType = text.plist.xml; path = Info.plist; sourceTree = "<group>"; };
/* End PBXFileReference section */

/* Begin PBXFrameworksBuildPhase section */
		23C50A2626DC91D80031F74C /* Frameworks */ = {
			isa = PBXFrameworksBuildPhase;
			buildActionMask = 2147483647;
			files = (
			);
			runOnlyForDeploymentPostprocessing = 0;
		};
/* End PBXFrameworksBuildPhase section */

/* Begin PBXGroup section */
		23A60FE426FC5C1200CD85F4 /* RSAHelper */ = {
			isa = PBXGroup;
			children = (
				23A60FE226FC57FC00CD85F4 /* RSAHelper.swift */,
				23A60FE526FC5C2200CD85F4 /* RSAPrivateKey.swift */,
				23A60FE726FC5C2C00CD85F4 /* RSAPublicKey.swift */,
				23A60FE926FC5DD200CD85F4 /* Helper+Exts.swift */,
			);
			path = RSAHelper;
			sourceTree = "<group>";
		};
		23C50A2026DC91D80031F74C = {
			isa = PBXGroup;
			children = (
				23C50A2B26DC91D80031F74C /* RSATest */,
				23C50A2A26DC91D80031F74C /* Products */,
			);
			sourceTree = "<group>";
		};
		23C50A2A26DC91D80031F74C /* Products */ = {
			isa = PBXGroup;
			children = (
				23C50A2926DC91D80031F74C /* RSATest.app */,
			);
			name = Products;
			sourceTree = "<group>";
		};
		23C50A2B26DC91D80031F74C /* RSATest */ = {
			isa = PBXGroup;
			children = (
				23C50A2C26DC91D80031F74C /* AppDelegate.swift */,
				23C50A2E26DC91D80031F74C /* SceneDelegate.swift */,
				23C50A3026DC91D80031F74C /* ViewController.swift */,
				23A60FE426FC5C1200CD85F4 /* RSAHelper */,
				23C50A3226DC91D80031F74C /* Main.storyboard */,
				23C50A3526DC91DA0031F74C /* Assets.xcassets */,
				23C50A3726DC91DA0031F74C /* LaunchScreen.storyboard */,
				23C50A3A26DC91DA0031F74C /* Info.plist */,
			);
			path = RSATest;
			sourceTree = "<group>";
		};
/* End PBXGroup section */

/* Begin PBXNativeTarget section */
		23C50A2826DC91D80031F74C /* RSATest */ = {
			isa = PBXNativeTarget;
			buildConfigurationList = 23C50A3D26DC91DA0031F74C /* Build configuration list for PBXNativeTarget "RSATest" */;
			buildPhases = (
				23C50A2526DC91D80031F74C /* Sources */,
				23C50A2626DC91D80031F74C /* Frameworks */,
				23C50A2726DC91D80031F74C /* Resources */,
			);
			buildRules = (
			);
			dependencies = (
			);
			name = RSATest;
			productName = RSATest;
			productReference = 23C50A2926DC91D80031F74C /* RSATest.app */;
			productType = "com.apple.product-type.application";
		};
/* End PBXNativeTarget section */

/* Begin PBXProject section */
		23C50A2126DC91D80031F74C /* Project object */ = {
			isa = PBXProject;
			attributes = {
				LastSwiftUpdateCheck = 1250;
				LastUpgradeCheck = 1250;
				TargetAttributes = {
					23C50A2826DC91D80031F74C = {
						CreatedOnToolsVersion = 12.5.1;
					};
				};
			};
			buildConfigurationList = 23C50A2426DC91D80031F74C /* Build configuration list for PBXProject "RSATest" */;
			compatibilityVersion = "Xcode 9.3";
			developmentRegion = en;
			hasScannedForEncodings = 0;
			knownRegions = (
				en,
				Base,
			);
			mainGroup = 23C50A2026DC91D80031F74C;
			productRefGroup = 23C50A2A26DC91D80031F74C /* Products */;
			projectDirPath = "";
			projectRoot = "";
			targets = (
				23C50A2826DC91D80031F74C /* RSATest */,
			);
		};
/* End PBXProject section */

/* Begin PBXResourcesBuildPhase section */
		23C50A2726DC91D80031F74C /* Resources */ = {
			isa = PBXResourcesBuildPhase;
			buildActionMask = 2147483647;
			files = (
				23C50A3926DC91DA0031F74C /* LaunchScreen.storyboard in Resources */,
				23C50A3626DC91DA0031F74C /* Assets.xcassets in Resources */,
				23C50A3426DC91D80031F74C /* Main.storyboard in Resources */,
			);
			runOnlyForDeploymentPostprocessing = 0;
		};
/* End PBXResourcesBuildPhase section */

/* Begin PBXSourcesBuildPhase section */
		23C50A2526DC91D80031F74C /* Sources */ = {
			isa = PBXSourcesBuildPhase;
			buildActionMask = 2147483647;
			files = (
				23A60FE326FC57FC00CD85F4 /* RSAHelper.swift in Sources */,
				23C50A3126DC91D80031F74C /* ViewController.swift in Sources */,
				23C50A2D26DC91D80031F74C /* AppDelegate.swift in Sources */,
				23C50A2F26DC91D80031F74C /* SceneDelegate.swift in Sources */,
				23A60FE626FC5C2200CD85F4 /* RSAPrivateKey.swift in Sources */,
				23A60FE826FC5C2C00CD85F4 /* RSAPublicKey.swift in Sources */,
				23A60FEA26FC5DD200CD85F4 /* Helper+Exts.swift in Sources */,
			);
			runOnlyForDeploymentPostprocessing = 0;
		};
/* End PBXSourcesBuildPhase section */

/* Begin PBXVariantGroup section */
		23C50A3226DC91D80031F74C /* Main.storyboard */ = {
			isa = PBXVariantGroup;
			children = (
				23C50A3326DC91D80031F74C /* Base */,
			);
			name = Main.storyboard;
			sourceTree = "<group>";
		};
		23C50A3726DC91DA0031F74C /* LaunchScreen.storyboard */ = {
			isa = PBXVariantGroup;
			children = (
				23C50A3826DC91DA0031F74C /* Base */,
			);
			name = LaunchScreen.storyboard;
			sourceTree = "<group>";
		};
/* End PBXVariantGroup section */

/* Begin XCBuildConfiguration section */
		23C50A3B26DC91DA0031F74C /* Debug */ = {
			isa = XCBuildConfiguration;
			buildSettings = {
				ALWAYS_SEARCH_USER_PATHS = NO;
				CLANG_ANALYZER_NONNULL = YES;
				CLANG_ANALYZER_NUMBER_OBJECT_CONVERSION = YES_AGGRESSIVE;
				CLANG_CXX_LANGUAGE_STANDARD = "gnu++14";
				CLANG_CXX_LIBRARY = "libc++";
				CLANG_ENABLE_MODULES = YES;
				CLANG_ENABLE_OBJC_ARC = YES;
				CLANG_ENABLE_OBJC_WEAK = YES;
				CLANG_WARN_BLOCK_CAPTURE_AUTORELEASING = YES;
				CLANG_WARN_BOOL_CONVERSION = YES;
				CLANG_WARN_COMMA = YES;
				CLANG_WARN_CONSTANT_CONVERSION = YES;
				CLANG_WARN_DEPRECATED_OBJC_IMPLEMENTATIONS = YES;
				CLANG_WARN_DIRECT_OBJC_ISA_USAGE = YES_ERROR;
				CLANG_WARN_DOCUMENTATION_COMMENTS = YES;
				CLANG_WARN_EMPTY_BODY = YES;
				CLANG_WARN_ENUM_CONVERSION = YES;
				CLANG_WARN_INFINITE_RECURSION = YES;
				CLANG_WARN_INT_CONVERSION = YES;
				CLANG_WARN_NON_LITERAL_NULL_CONVERSION = YES;
				CLANG_WARN_OBJC_IMPLICIT_RETAIN_SELF = YES;
				CLANG_WARN_OBJC_LITERAL_CONVERSION = YES;
				CLANG_WARN_OBJC_ROOT_CLASS = YES_ERROR;
				CLANG_WARN_QUOTED_INCLUDE_IN_FRAMEWORK_HEADER = YES;
				CLANG_WARN_RANGE_LOOP_ANALYSIS = YES;
				CLANG_WARN_STRICT_PROTOTYPES = YES;
				CLANG_WARN_SUSPICIOUS_MOVE = YES;
				CLANG_WARN_UNGUARDED_AVAILABILITY = YES_AGGRESSIVE;
				CLANG_WARN_UNREACHABLE_CODE = YES;
				CLANG_WARN__DUPLICATE_METHOD_MATCH = YES;
				COPY_PHASE_STRIP = NO;
				DEBUG_INFORMATION_FORMAT = dwarf;
				ENABLE_STRICT_OBJC_MSGSEND = YES;
				ENABLE_TESTABILITY = YES;
				GCC_C_LANGUAGE_STANDARD = gnu11;
				GCC_DYNAMIC_NO_PIC = NO;
				GCC_NO_COMMON_BLOCKS = YES;
				GCC_OPTIMIZATION_LEVEL = 0;
				GCC_PREPROCESSOR_DEFINITIONS = (
					"DEBUG=1",
					"$(inherited)",
				);
				GCC_WARN_64_TO_32_BIT_CONVERSION = YES;
				GCC_WARN_ABOUT_RETURN_TYPE = YES_ERROR;
				GCC_WARN_UNDECLARED_SELECTOR = YES;
				GCC_WARN_UNINITIALIZED_AUTOS = YES_AGGRESSIVE;
				GCC_WARN_UNUSED_FUNCTION = YES;
				GCC_WARN_UNUSED_VARIABLE = YES;
				IPHONEOS_DEPLOYMENT_TARGET = 14.5;
				MTL_ENABLE_DEBUG_INFO = INCLUDE_SOURCE;
				MTL_FAST_MATH = YES;
				ONLY_ACTIVE_ARCH = YES;
				SDKROOT = iphoneos;
				SWIFT_ACTIVE_COMPILATION_CONDITIONS = DEBUG;
				SWIFT_OPTIMIZATION_LEVEL = "-Onone";
			};
			name = Debug;
		};
		23C50A3C26DC91DA0031F74C /* Release */ = {
			isa = XCBuildConfiguration;
			buildSettings = {
				ALWAYS_SEARCH_USER_PATHS = NO;
				CLANG_ANALYZER_NONNULL = YES;
				CLANG_ANALYZER_NUMBER_OBJECT_CONVERSION = YES_AGGRESSIVE;
				CLANG_CXX_LANGUAGE_STANDARD = "gnu++14";
				CLANG_CXX_LIBRARY = "libc++";
				CLANG_ENABLE_MODULES = YES;
				CLANG_ENABLE_OBJC_ARC = YES;
				CLANG_ENABLE_OBJC_WEAK = YES;
				CLANG_WARN_BLOCK_CAPTURE_AUTORELEASING = YES;
				CLANG_WARN_BOOL_CONVERSION = YES;
				CLANG_WARN_COMMA = YES;
				CLANG_WARN_CONSTANT_CONVERSION = YES;
				CLANG_WARN_DEPRECATED_OBJC_IMPLEMENTATIONS = YES;
				CLANG_WARN_DIRECT_OBJC_ISA_USAGE = YES_ERROR;
				CLANG_WARN_DOCUMENTATION_COMMENTS = YES;
				CLANG_WARN_EMPTY_BODY = YES;
				CLANG_WARN_ENUM_CONVERSION = YES;
				CLANG_WARN_INFINITE_RECURSION = YES;
				CLANG_WARN_INT_CONVERSION = YES;
				CLANG_WARN_NON_LITERAL_NULL_CONVERSION = YES;
				CLANG_WARN_OBJC_IMPLICIT_RETAIN_SELF = YES;
				CLANG_WARN_OBJC_LITERAL_CONVERSION = YES;
				CLANG_WARN_OBJC_ROOT_CLASS = YES_ERROR;
				CLANG_WARN_QUOTED_INCLUDE_IN_FRAMEWORK_HEADER = YES;
				CLANG_WARN_RANGE_LOOP_ANALYSIS = YES;
				CLANG_WARN_STRICT_PROTOTYPES = YES;
				CLANG_WARN_SUSPICIOUS_MOVE = YES;
				CLANG_WARN_UNGUARDED_AVAILABILITY = YES_AGGRESSIVE;
				CLANG_WARN_UNREACHABLE_CODE = YES;
				CLANG_WARN__DUPLICATE_METHOD_MATCH = YES;
				COPY_PHASE_STRIP = NO;
				DEBUG_INFORMATION_FORMAT = "dwarf-with-dsym";
				ENABLE_NS_ASSERTIONS = NO;
				ENABLE_STRICT_OBJC_MSGSEND = YES;
				GCC_C_LANGUAGE_STANDARD = gnu11;
				GCC_NO_COMMON_BLOCKS = YES;
				GCC_WARN_64_TO_32_BIT_CONVERSION = YES;
				GCC_WARN_ABOUT_RETURN_TYPE = YES_ERROR;
				GCC_WARN_UNDECLARED_SELECTOR = YES;
				GCC_WARN_UNINITIALIZED_AUTOS = YES_AGGRESSIVE;
				GCC_WARN_UNUSED_FUNCTION = YES;
				GCC_WARN_UNUSED_VARIABLE = YES;
				IPHONEOS_DEPLOYMENT_TARGET = 14.5;
				MTL_ENABLE_DEBUG_INFO = NO;
				MTL_FAST_MATH = YES;
				SDKROOT = iphoneos;
				SWIFT_COMPILATION_MODE = wholemodule;
				SWIFT_OPTIMIZATION_LEVEL = "-O";
				VALIDATE_PRODUCT = YES;
			};
			name = Release;
		};
		23C50A3E26DC91DA0031F74C /* Debug */ = {
			isa = XCBuildConfiguration;
			buildSettings = {
				ASSETCATALOG_COMPILER_APPICON_NAME = AppIcon;
				ASSETCATALOG_COMPILER_GLOBAL_ACCENT_COLOR_NAME = AccentColor;
				CODE_SIGN_STYLE = Automatic;
				DEVELOPMENT_TEAM = S9J6B4A78J;
				INFOPLIST_FILE = RSATest/Info.plist;
				LD_RUNPATH_SEARCH_PATHS = (
					"$(inherited)",
					"@executable_path/Frameworks",
				);
				PRODUCT_BUNDLE_IDENTIFIER = com.windy.RSATest;
				PRODUCT_NAME = "$(TARGET_NAME)";
				SWIFT_VERSION = 5.0;
				TARGETED_DEVICE_FAMILY = "1,2";
			};
			name = Debug;
		};
		23C50A3F26DC91DA0031F74C /* Release */ = {
			isa = XCBuildConfiguration;
			buildSettings = {
				ASSETCATALOG_COMPILER_APPICON_NAME = AppIcon;
				ASSETCATALOG_COMPILER_GLOBAL_ACCENT_COLOR_NAME = AccentColor;
				CODE_SIGN_STYLE = Automatic;
				DEVELOPMENT_TEAM = S9J6B4A78J;
				INFOPLIST_FILE = RSATest/Info.plist;
				LD_RUNPATH_SEARCH_PATHS = (
					"$(inherited)",
					"@executable_path/Frameworks",
				);
				PRODUCT_BUNDLE_IDENTIFIER = com.windy.RSATest;
				PRODUCT_NAME = "$(TARGET_NAME)";
				SWIFT_VERSION = 5.0;
				TARGETED_DEVICE_FAMILY = "1,2";
			};
			name = Release;
		};
/* End XCBuildConfiguration section */

/* Begin XCConfigurationList section */
		23C50A2426DC91D80031F74C /* Build configuration list for PBXProject "RSATest" */ = {
			isa = XCConfigurationList;
			buildConfigurations = (
				23C50A3B26DC91DA0031F74C /* Debug */,
				23C50A3C26DC91DA0031F74C /* Release */,
			);
			defaultConfigurationIsVisible = 0;
			defaultConfigurationName = Release;
		};
		23C50A3D26DC91DA0031F74C /* Build configuration list for PBXNativeTarget "RSATest" */ = {
			isa = XCConfigurationList;
			buildConfigurations = (
				23C50A3E26DC91DA0031F74C /* Debug */,
				23C50A3F26DC91DA0031F74C /* Release */,
			);
			defaultConfigurationIsVisible = 0;
			defaultConfigurationName = Release;
		};
/* End XCConfigurationList section */
	};
	rootObject = 23C50A2126DC91D80031F74C /* Project object */;
}
